{
  "name": "uWebsocket",
  "lockfileVersion": 3,
  "requires": true,
  "packages": {
    "": {
      "dependencies": {
        "uwebsockets.js": "^19.0.0-docs"
      }
    },
    "node_modules/uwebsockets.js": {
      "version": "19.0.0-docs",
      "resolved": "https://registry.npmjs.org/uwebsockets.js/-/uwebsockets.js-19.0.0-docs.tgz",
      "integrity": "sha512-XIi5sJY74rlb+bpp9tq9m8OcSsLWcqK5T+LTZVJT97BANwZ86PGxusTx0A+xCl0WqgwcB3goy6bZi4JF5MmLnw==",
      "deprecated": "Package no longer supported. Contact Support at https://www.npmjs.com/support for more info.",
      "license": "Apache-2.0",
      "dependencies": {
        "uws.js": "git+https://github.com/uNetworking/uWebSockets.js.git#v19.0.0"
      }
    },
    "node_modules/uws.js": {
      "name": "uWebSockets.js",
      "version": "19.0.0",
      "resolved": "git+ssh://git@github.com/uNetworking/uWebSockets.js.git#301930dae3392b5094a9c0946e178833deb8dc73"
    }
  }
}
